# module            version  sha256-of-authored-text
# rewritten by tools/lock-modules.sh — do not hand-edit
download           v1       9ac4341c316864347d7c355ba69ce94dd3ddf565ed8584412c2db0343a781597
helpers            v1       e84df2c8a4bd2a4be9b0182739be87d0db8cbac2ae0ce9de9dd21741360b0595
platform-detect    v1       faa1cc20dd0db9371acc9ccf141ef101c4f38efa10966cf0215c33989ac74520
pubkey-guard       v1       9abecb99290a9761892c21f9ee3c07b99653f9db1f65868cc92033eef9901906
require-minisign   v1       ad8e2dcc19c31f92a7f880a3b3b72b0abaf6d230779bf565589414360ee385d5
sha256             v1       1a2a41632b5f95e045ddd18ca3bc9ddcf9c17a1352658bbc0ea436a91745bf19
tmp-workspace      v1       e5bd7ab63d84144a6447b33d8ad83a45b7533a225527be91e9a162c6e216455c
verify-checksum    v4       ecfbe39b11760ee87dfff6badd58b689afcae674a132a1f09a05985bac763618
verify-signature   v1       d961db0d206f155ce44cc8cc58164cbc4ae39d5532e51f250d283b3dfcb3cc47
version-resolve    v1       5ba7b020d50e051daa8e517f225c25d0e441818a2ae91ccdb17ba1a44fceac9c
